
Microsoft Visual Studio Solution File, Format Version 12.00
# Visual Studio Version 17
VisualStudioVersion = 17.9.34607.119
MinimumVisualStudioVersion = 10.0.40219.1
Project("{FAE04EC0-301F-11D3-BF4B-00C04F79EFBC}") = "oop_lab11_yatskiv", "oop_lab11_yatskiv.csproj", "{3C747EBB-5689-4567-AB74-A53B31DCDB6D}"
EndProject
Global
	GlobalSection(SolutionConfigurationPlatforms) = preSolution
		Debug|Any CPU = Debug|Any CPU
		Release|Any CPU = Release|Any CPU
	EndGlobalSection
	GlobalSection(ProjectConfigurationPlatforms) = postSolution
		{3C747EBB-5689-4567-AB74-A53B31DCDB6D}.Debug|Any CPU.ActiveCfg = Debug|Any CPU
		{3C747EBB-5689-4567-AB74-A53B31DCDB6D}.Debug|Any CPU.Build.0 = Debug|Any CPU
		{3C747EBB-5689-4567-AB74-A53B31DCDB6D}.Release|Any CPU.ActiveCfg = Release|Any CPU
		{3C747EBB-5689-4567-AB74-A53B31DCDB6D}.Release|Any CPU.Build.0 = Release|Any CPU
	EndGlobalSection
	GlobalSection(SolutionProperties) = preSolution
		HideSolutionNode = FALSE
	EndGlobalSection
	GlobalSection(ExtensibilityGlobals) = postSolution
		SolutionGuid = {03F30618-0C15-4C4D-B9EA-0C637270C659}
	EndGlobalSection
EndGlobal
